
Microsoft Visual Studio Solution File, Format Version 12.00
# Visual Studio Version 17
VisualStudioVersion = 17.3.32922.545
MinimumVisualStudioVersion = 10.0.40219.1
Project("{8BC9CEB8-8B4A-11D0-8D11-00A0C91BC942}") = "ConsoleApplication_Graph", "ConsoleApplication_Graph\ConsoleApplication_Graph.vcxproj", "{A317DBCE-288B-479C-8900-B532DA480109}"
EndProject
Project("{8BC9CEB8-8B4A-11D0-8D11-00A0C91BC942}") = "Test_Graph", "Test_Graph\Test_Graph.vcxproj", "{4FCA9B6D-41F0-47D4-B85D-052A4472414C}"
EndProject
Global
	GlobalSection(SolutionConfigurationPlatforms) = preSolution
		Debug|x64 = Debug|x64
		Debug|x86 = Debug|x86
		Release|x64 = Release|x64
		Release|x86 = Release|x86
	EndGlobalSection
	GlobalSection(ProjectConfigurationPlatforms) = postSolution
		{A317DBCE-288B-479C-8900-B532DA480109}.Debug|x64.ActiveCfg = Debug|x64
		{A317DBCE-288B-479C-8900-B532DA480109}.Debug|x64.Build.0 = Debug|x64
		{A317DBCE-288B-479C-8900-B532DA480109}.Debug|x86.ActiveCfg = Debug|Win32
		{A317DBCE-288B-479C-8900-B532DA480109}.Debug|x86.Build.0 = Debug|Win32
		{A317DBCE-288B-479C-8900-B532DA480109}.Release|x64.ActiveCfg = Release|x64
		{A317DBCE-288B-479C-8900-B532DA480109}.Release|x64.Build.0 = Release|x64
		{A317DBCE-288B-479C-8900-B532DA480109}.Release|x86.ActiveCfg = Release|Win32
		{A317DBCE-288B-479C-8900-B532DA480109}.Release|x86.Build.0 = Release|Win32
		{4FCA9B6D-41F0-47D4-B85D-052A4472414C}.Debug|x64.ActiveCfg = Debug|x64
		{4FCA9B6D-41F0-47D4-B85D-052A4472414C}.Debug|x64.Build.0 = Debug|x64
		{4FCA9B6D-41F0-47D4-B85D-052A4472414C}.Debug|x86.ActiveCfg = Debug|Win32
		{4FCA9B6D-41F0-47D4-B85D-052A4472414C}.Debug|x86.Build.0 = Debug|Win32
		{4FCA9B6D-41F0-47D4-B85D-052A4472414C}.Release|x64.ActiveCfg = Release|x64
		{4FCA9B6D-41F0-47D4-B85D-052A4472414C}.Release|x64.Build.0 = Release|x64
		{4FCA9B6D-41F0-47D4-B85D-052A4472414C}.Release|x86.ActiveCfg = Release|Win32
		{4FCA9B6D-41F0-47D4-B85D-052A4472414C}.Release|x86.Build.0 = Release|Win32
	EndGlobalSection
	GlobalSection(SolutionProperties) = preSolution
		HideSolutionNode = FALSE
	EndGlobalSection
	GlobalSection(ExtensibilityGlobals) = postSolution
		SolutionGuid = {99025978-A3C2-496F-A852-513259ED9793}
	EndGlobalSection
EndGlobal
